
Microsoft Visual Studio Solution File, Format Version 12.00
# Visual Studio Version 17
VisualStudioVersion = 17.0.32112.339
MinimumVisualStudioVersion = 10.0.40219.1
Project("{FAE04EC0-301F-11D3-BF4B-00C04F79EFBC}") = "EmployeeClientApi", "EmployeeClientApi\EmployeeClientApi.csproj", "{7AB39D70-971E-43CA-87A4-48008F1AE6DF}"
EndProject
Global
	GlobalSection(SolutionConfigurationPlatforms) = preSolution
		Debug|Any CPU = Debug|Any CPU
		Release|Any CPU = Release|Any CPU
	EndGlobalSection
	GlobalSection(ProjectConfigurationPlatforms) = postSolution
		{7AB39D70-971E-43CA-87A4-48008F1AE6DF}.Debug|Any CPU.ActiveCfg = Debug|Any CPU
		{7AB39D70-971E-43CA-87A4-48008F1AE6DF}.Debug|Any CPU.Build.0 = Debug|Any CPU
		{7AB39D70-971E-43CA-87A4-48008F1AE6DF}.Release|Any CPU.ActiveCfg = Release|Any CPU
		{7AB39D70-971E-43CA-87A4-48008F1AE6DF}.Release|Any CPU.Build.0 = Release|Any CPU
	EndGlobalSection
	GlobalSection(SolutionProperties) = preSolution
		HideSolutionNode = FALSE
	EndGlobalSection
	GlobalSection(ExtensibilityGlobals) = postSolution
		SolutionGuid = {DF178AB0-877E-4991-9326-76B96ABC732B}
	EndGlobalSection
EndGlobal
